// !$*UTF8*$!
{
	archiveVersion = 1;
	classes = {
	};
	objectVersion = 46;
	objects = {

/* Begin PBXBuildFile section */
		A3D9FCD61CA979950049ED28 /* main.m in Sources */ = {isa = PBXBuildFile; fileRef = A3D9FCD51CA979950049ED28 /* main.m */; };
		A3D9FCD91CA979950049ED28 /* AppDelegate.m in Sources */ = {isa = PBXBuildFile; fileRef = A3D9FCD81CA979950049ED28 /* AppDelegate.m */; };
		A3D9FCDF1CA979950049ED28 /* Main.storyboard in Resources */ = {isa = PBXBuildFile; fileRef = A3D9FCDD1CA979950049ED28 /* Main.storyboard */; };
		A3D9FCE11CA979950049ED28 /* Assets.xcassets in Resources */ = {isa = PBXBuildFile; fileRef = A3D9FCE01CA979950049ED28 /* Assets.xcassets */; };
		A3D9FCE41CA979960049ED28 /* LaunchScreen.storyboard in Resources */ = {isa = PBXBuildFile; fileRef = A3D9FCE21CA979960049ED28 /* LaunchScreen.storyboard */; };
		A3D9FCED1CA97A0C0049ED28 /* ListViewController.m in Sources */ = {isa = PBXBuildFile; fileRef = A3D9FCEC1CA97A0C0049ED28 /* ListViewController.m */; };
		A3D9FCEF1CA97BB60049ED28 /* CoreLocation.framework in Frameworks */ = {isa = PBXBuildFile; fileRef = A3D9FCEE1CA97BB60049ED28 /* CoreLocation.framework */; };
		A3D9FCF11CA97BC20049ED28 /* MapKit.framework in Frameworks */ = {isa = PBXBuildFile; fileRef = A3D9FCF01CA97BC20049ED28 /* MapKit.framework */; };
		A3D9FCF41CA98DD50049ED28 /* CoffeePlace.m in Sources */ = {isa = PBXBuildFile; fileRef = A3D9FCF31CA98DD50049ED28 /* CoffeePlace.m */; };
/* End PBXBuildFile section */

/* Begin PBXFileReference section */
		A3D9FCD11CA979950049ED28 /* CoffeeBrew.app */ = {isa = PBXFileReference; explicitFileType = wrapper.application; includeInIndex = 0; path = CoffeeBrew.app; sourceTree = BUILT_PRODUCTS_DIR; };
		A3D9FCD51CA979950049ED28 /* main.m */ = {isa = PBXFileReference; lastKnownFileType = sourcecode.c.objc; path = main.m; sourceTree = "<group>"; };
		A3D9FCD71CA979950049ED28 /* AppDelegate.h */ = {isa = PBXFileReference; lastKnownFileType = sourcecode.c.h; path = AppDelegate.h; sourceTree = "<group>"; };
		A3D9FCD81CA979950049ED28 /* AppDelegate.m */ = {isa = PBXFileReference; lastKnownFileType = sourcecode.c.objc; path = AppDelegate.m; sourceTree = "<group>"; };
		A3D9FCDE1CA979950049ED28 /* Base */ = {isa = PBXFileReference; lastKnownFileType = file.storyboard; name = Base; path = Base.lproj/Main.storyboard; sourceTree = "<group>"; };
		A3D9FCE01CA979950049ED28 /* Assets.xcassets */ = {isa = PBXFileReference; lastKnownFileType = folder.assetcatalog; path = Assets.xcassets; sourceTree = "<group>"; };
		A3D9FCE31CA979960049ED28 /* Base */ = {isa = PBXFileReference; lastKnownFileType = file.storyboard; name = Base; path = Base.lproj/LaunchScreen.storyboard; sourceTree = "<group>"; };
		A3D9FCE51CA979960049ED28 /* Info.plist */ = {isa = PBXFileReference; lastKnownFileType = text.plist.xml; path = Info.plist; sourceTree = "<group>"; };
		A3D9FCEB1CA97A0C0049ED28 /* ListViewController.h */ = {isa = PBXFileReference; fileEncoding = 4; lastKnownFileType = sourcecode.c.h; path = ListViewController.h; sourceTree = "<group>"; };
		A3D9FCEC1CA97A0C0049ED28 /* ListViewController.m */ = {isa = PBXFileReference; fileEncoding = 4; lastKnownFileType = sourcecode.c.objc; path = ListViewController.m; sourceTree = "<group>"; };
		A3D9FCEE1CA97BB60049ED28 /* CoreLocation.framework */ = {isa = PBXFileReference; lastKnownFileType = wrapper.framework; name = CoreLocation.framework; path = System/Library/Frameworks/CoreLocation.framework; sourceTree = SDKROOT; };
		A3D9FCF01CA97BC20049ED28 /* MapKit.framework */ = {isa = PBXFileReference; lastKnownFileType = wrapper.framework; name = MapKit.framework; path = System/Library/Frameworks/MapKit.framework; sourceTree = SDKROOT; };
		A3D9FCF21CA98DD50049ED28 /* CoffeePlace.h */ = {isa = PBXFileReference; fileEncoding = 4; lastKnownFileType = sourcecode.c.h; path = CoffeePlace.h; sourceTree = "<group>"; };
		A3D9FCF31CA98DD50049ED28 /* CoffeePlace.m */ = {isa = PBXFileReference; fileEncoding = 4; lastKnownFileType = sourcecode.c.objc; path = CoffeePlace.m; sourceTree = "<group>"; };
/* End PBXFileReference section */

/* Begin PBXFrameworksBuildPhase section */
		A3D9FCCE1CA979950049ED28 /* Frameworks */ = {
			isa = PBXFrameworksBuildPhase;
			buildActionMask = 2147483647;
			files = (
				A3D9FCF11CA97BC20049ED28 /* MapKit.framework in Frameworks */,
				A3D9FCEF1CA97BB60049ED28 /* CoreLocation.framework in Frameworks */,
			);
			runOnlyForDeploymentPostprocessing = 0;
		};
/* End PBXFrameworksBuildPhase section */

/* Begin PBXGroup section */
		A3D9FCC81CA979950049ED28 = {
			isa = PBXGroup;
			children = (
				A3D9FCF01CA97BC20049ED28 /* MapKit.framework */,
				A3D9FCEE1CA97BB60049ED28 /* CoreLocation.framework */,
				A3D9FCD31CA979950049ED28 /* CoffeeBrew */,
				A3D9FCD21CA979950049ED28 /* Products */,
			);
			sourceTree = "<group>";
		};
		A3D9FCD21CA979950049ED28 /* Products */ = {
			isa = PBXGroup;
			children = (
				A3D9FCD11CA979950049ED28 /* CoffeeBrew.app */,
			);
			name = Products;
			sourceTree = "<group>";
		};
		A3D9FCD31CA979950049ED28 /* CoffeeBrew */ = {
			isa = PBXGroup;
			children = (
				A3D9FCD71CA979950049ED28 /* AppDelegate.h */,
				A3D9FCD81CA979950049ED28 /* AppDelegate.m */,
				A3D9FCF21CA98DD50049ED28 /* CoffeePlace.h */,
				A3D9FCF31CA98DD50049ED28 /* CoffeePlace.m */,
				A3D9FCEB1CA97A0C0049ED28 /* ListViewController.h */,
				A3D9FCEC1CA97A0C0049ED28 /* ListViewController.m */,
				A3D9FCDD1CA979950049ED28 /* Main.storyboard */,
				A3D9FCE01CA979950049ED28 /* Assets.xcassets */,
				A3D9FCE21CA979960049ED28 /* LaunchScreen.storyboard */,
				A3D9FCE51CA979960049ED28 /* Info.plist */,
				A3D9FCD41CA979950049ED28 /* Supporting Files */,
			);
			path = CoffeeBrew;
			sourceTree = "<group>";
		};
		A3D9FCD41CA979950049ED28 /* Supporting Files */ = {
			isa = PBXGroup;
			children = (
				A3D9FCD51CA979950049ED28 /* main.m */,
			);
			name = "Supporting Files";
			sourceTree = "<group>";
		};
/* End PBXGroup section */

/* Begin PBXNativeTarget section */
		A3D9FCD01CA979950049ED28 /* CoffeeBrew */ = {
			isa = PBXNativeTarget;
			buildConfigurationList = A3D9FCE81CA979960049ED28 /* Build configuration list for PBXNativeTarget "CoffeeBrew" */;
			buildPhases = (
				A3D9FCCD1CA979950049ED28 /* Sources */,
				A3D9FCCE1CA979950049ED28 /* Frameworks */,
				A3D9FCCF1CA979950049ED28 /* Resources */,
			);
			buildRules = (
			);
			dependencies = (
			);
			name = CoffeeBrew;
			productName = CoffeeBrew;
			productReference = A3D9FCD11CA979950049ED28 /* CoffeeBrew.app */;
			productType = "com.apple.product-type.application";
		};
/* End PBXNativeTarget section */

/* Begin PBXProject section */
		A3D9FCC91CA979950049ED28 /* Project object */ = {
			isa = PBXProject;
			attributes = {
				LastUpgradeCheck = 0730;
				ORGANIZATIONNAME = "Richard Martin";
				TargetAttributes = {
					A3D9FCD01CA979950049ED28 = {
						CreatedOnToolsVersion = 7.3;
					};
				};
			};
			buildConfigurationList = A3D9FCCC1CA979950049ED28 /* Build configuration list for PBXProject "CoffeeBrew" */;
			compatibilityVersion = "Xcode 3.2";
			developmentRegion = English;
			hasScannedForEncodings = 0;
			knownRegions = (
				en,
				Base,
			);
			mainGroup = A3D9FCC81CA979950049ED28;
			productRefGroup = A3D9FCD21CA979950049ED28 /* Products */;
			projectDirPath = "";
			projectRoot = "";
			targets = (
				A3D9FCD01CA979950049ED28 /* CoffeeBrew */,
			);
		};
/* End PBXProject section */

/* Begin PBXResourcesBuildPhase section */
		A3D9FCCF1CA979950049ED28 /* Resources */ = {
			isa = PBXResourcesBuildPhase;
			buildActionMask = 2147483647;
			files = (
				A3D9FCE41CA979960049ED28 /* LaunchScreen.storyboard in Resources */,
				A3D9FCE11CA979950049ED28 /* Assets.xcassets in Resources */,
				A3D9FCDF1CA979950049ED28 /* Main.storyboard in Resources */,
			);
			runOnlyForDeploymentPostprocessing = 0;
		};
/* End PBXResourcesBuildPhase section */

/* Begin PBXSourcesBuildPhase section */
		A3D9FCCD1CA979950049ED28 /* Sources */ = {
			isa = PBXSourcesBuildPhase;
			buildActionMask = 2147483647;
			files = (
				A3D9FCD91CA979950049ED28 /* AppDelegate.m in Sources */,
				A3D9FCF41CA98DD50049ED28 /* CoffeePlace.m in Sources */,
				A3D9FCD61CA979950049ED28 /* main.m in Sources */,
				A3D9FCED1CA97A0C0049ED28 /* ListViewController.m in Sources */,
			);
			runOnlyForDeploymentPostprocessing = 0;
		};
/* End PBXSourcesBuildPhase section */

/* Begin PBXVariantGroup section */
		A3D9FCDD1CA979950049ED28 /* Main.storyboard */ = {
			isa = PBXVariantGroup;
			children = (
				A3D9FCDE1CA979950049ED28 /* Base */,
			);
			name = Main.storyboard;
			sourceTree = "<group>";
		};
		A3D9FCE21CA979960049ED28 /* LaunchScreen.storyboard */ = {
			isa = PBXVariantGroup;
			children = (
				A3D9FCE31CA979960049ED28 /* Base */,
			);
			name = LaunchScreen.storyboard;
			sourceTree = "<group>";
		};
/* End PBXVariantGroup section */

/* Begin XCBuildConfiguration section */
		A3D9FCE61CA979960049ED28 /* Debug */ = {
			isa = XCBuildConfiguration;
			buildSettings = {
				ALWAYS_SEARCH_USER_PATHS = NO;
				CLANG_ANALYZER_NONNULL = YES;
				CLANG_CXX_LANGUAGE_STANDARD = "gnu++0x";
				CLANG_CXX_LIBRARY = "libc++";
				CLANG_ENABLE_MODULES = YES;
				CLANG_ENABLE_OBJC_ARC = YES;
				CLANG_WARN_BOOL_CONVERSION = YES;
				CLANG_WARN_CONSTANT_CONVERSION = YES;
				CLANG_WARN_DIRECT_OBJC_ISA_USAGE = YES_ERROR;
				CLANG_WARN_EMPTY_BODY = YES;
				CLANG_WARN_ENUM_CONVERSION = YES;
				CLANG_WARN_INT_CONVERSION = YES;
				CLANG_WARN_OBJC_ROOT_CLASS = YES_ERROR;
				CLANG_WARN_UNREACHABLE_CODE = YES;
				CLANG_WARN__DUPLICATE_METHOD_MATCH = YES;
				"CODE_SIGN_IDENTITY[sdk=iphoneos*]" = "iPhone Developer";
				COPY_PHASE_STRIP = NO;
				DEBUG_INFORMATION_FORMAT = dwarf;
				ENABLE_STRICT_OBJC_MSGSEND = YES;
				ENABLE_TESTABILITY = YES;
				GCC_C_LANGUAGE_STANDARD = gnu99;
				GCC_DYNAMIC_NO_PIC = NO;
				GCC_NO_COMMON_BLOCKS = YES;
				GCC_OPTIMIZATION_LEVEL = 0;
				GCC_PREPROCESSOR_DEFINITIONS = (
					"DEBUG=1",
					"$(inherited)",
				);
				GCC_WARN_64_TO_32_BIT_CONVERSION = YES;
				GCC_WARN_ABOUT_RETURN_TYPE = YES_ERROR;
				GCC_WARN_UNDECLARED_SELECTOR = YES;
				GCC_WARN_UNINITIALIZED_AUTOS = YES_AGGRESSIVE;
				GCC_WARN_UNUSED_FUNCTION = YES;
				GCC_WARN_UNUSED_VARIABLE = YES;
				IPHONEOS_DEPLOYMENT_TARGET = 9.3;
				MTL_ENABLE_DEBUG_INFO = YES;
				ONLY_ACTIVE_ARCH = YES;
				SDKROOT = iphoneos;
			};
			name = Debug;
		};
		A3D9FCE71CA979960049ED28 /* Release */ = {
			isa = XCBuildConfiguration;
			buildSettings = {
				ALWAYS_SEARCH_USER_PATHS = NO;
				CLANG_ANALYZER_NONNULL = YES;
				CLANG_CXX_LANGUAGE_STANDARD = "gnu++0x";
				CLANG_CXX_LIBRARY = "libc++";
				CLANG_ENABLE_MODULES = YES;
				CLANG_ENABLE_OBJC_ARC = YES;
				CLANG_WARN_BOOL_CONVERSION = YES;
				CLANG_WARN_CONSTANT_CONVERSION = YES;
				CLANG_WARN_DIRECT_OBJC_ISA_USAGE = YES_ERROR;
				CLANG_WARN_EMPTY_BODY = YES;
				CLANG_WARN_ENUM_CONVERSION = YES;
				CLANG_WARN_INT_CONVERSION = YES;
				CLANG_WARN_OBJC_ROOT_CLASS = YES_ERROR;
				CLANG_WARN_UNREACHABLE_CODE = YES;
				CLANG_WARN__DUPLICATE_METHOD_MATCH = YES;
				"CODE_SIGN_IDENTITY[sdk=iphoneos*]" = "iPhone Developer";
				COPY_PHASE_STRIP = NO;
				DEBUG_INFORMATION_FORMAT = "dwarf-with-dsym";
				ENABLE_NS_ASSERTIONS = NO;
				ENABLE_STRICT_OBJC_MSGSEND = YES;
				GCC_C_LANGUAGE_STANDARD = gnu99;
				GCC_NO_COMMON_BLOCKS = YES;
				GCC_WARN_64_TO_32_BIT_CONVERSION = YES;
				GCC_WARN_ABOUT_RETURN_TYPE = YES_ERROR;
				GCC_WARN_UNDECLARED_SELECTOR = YES;
				GCC_WARN_UNINITIALIZED_AUTOS = YES_AGGRESSIVE;
				GCC_WARN_UNUSED_FUNCTION = YES;
				GCC_WARN_UNUSED_VARIABLE = YES;
				IPHONEOS_DEPLOYMENT_TARGET = 9.3;
				MTL_ENABLE_DEBUG_INFO = NO;
				SDKROOT = iphoneos;
				VALIDATE_PRODUCT = YES;
			};
			name = Release;
		};
		A3D9FCE91CA979960049ED28 /* Debug */ = {
			isa = XCBuildConfiguration;
			buildSettings = {
				ASSETCATALOG_COMPILER_APPICON_NAME = AppIcon;
				INFOPLIST_FILE = CoffeeBrew/Info.plist;
				LD_RUNPATH_SEARCH_PATHS = "$(inherited) @executable_path/Frameworks";
				PRODUCT_BUNDLE_IDENTIFIER = me.richardgmartin.CoffeeBrew;
				PRODUCT_NAME = "$(TARGET_NAME)";
			};
			name = Debug;
		};
		A3D9FCEA1CA979960049ED28 /* Release */ = {
			isa = XCBuildConfiguration;
			buildSettings = {
				ASSETCATALOG_COMPILER_APPICON_NAME = AppIcon;
				INFOPLIST_FILE = CoffeeBrew/Info.plist;
				LD_RUNPATH_SEARCH_PATHS = "$(inherited) @executable_path/Frameworks";
				PRODUCT_BUNDLE_IDENTIFIER = me.richardgmartin.CoffeeBrew;
				PRODUCT_NAME = "$(TARGET_NAME)";
			};
			name = Release;
		};
/* End XCBuildConfiguration section */

/* Begin XCConfigurationList section */
		A3D9FCCC1CA979950049ED28 /* Build configuration list for PBXProject "CoffeeBrew" */ = {
			isa = XCConfigurationList;
			buildConfigurations = (
				A3D9FCE61CA979960049ED28 /* Debug */,
				A3D9FCE71CA979960049ED28 /* Release */,
			);
			defaultConfigurationIsVisible = 0;
			defaultConfigurationName = Release;
		};
		A3D9FCE81CA979960049ED28 /* Build configuration list for PBXNativeTarget "CoffeeBrew" */ = {
			isa = XCConfigurationList;
			buildConfigurations = (
				A3D9FCE91CA979960049ED28 /* Debug */,
				A3D9FCEA1CA979960049ED28 /* Release */,
			);
			defaultConfigurationIsVisible = 0;
		};
/* End XCConfigurationList section */
	};
	rootObject = A3D9FCC91CA979950049ED28 /* Project object */;
}
